
Microsoft Visual Studio Solution File, Format Version 12.00
# Visual Studio 2013
VisualStudioVersion = 12.0.40629.0
MinimumVisualStudioVersion = 10.0.40219.1
Project("{FAE04EC0-301F-11D3-BF4B-00C04F79EFBC}") = "DesafioFCamara", "WebApplication3\DesafioFCamara.csproj", "{113B29CE-C3E0-4532-A85E-0D60979658FC}"
EndProject
Global
	GlobalSection(SolutionConfigurationPlatforms) = preSolution
		Debug|Any CPU = Debug|Any CPU
		Release|Any CPU = Release|Any CPU
	EndGlobalSection
	GlobalSection(ProjectConfigurationPlatforms) = postSolution
		{113B29CE-C3E0-4532-A85E-0D60979658FC}.Debug|Any CPU.ActiveCfg = Debug|Any CPU
		{113B29CE-C3E0-4532-A85E-0D60979658FC}.Debug|Any CPU.Build.0 = Debug|Any CPU
		{113B29CE-C3E0-4532-A85E-0D60979658FC}.Release|Any CPU.ActiveCfg = Release|Any CPU
		{113B29CE-C3E0-4532-A85E-0D60979658FC}.Release|Any CPU.Build.0 = Release|Any CPU
	EndGlobalSection
	GlobalSection(SolutionProperties) = preSolution
		HideSolutionNode = FALSE
	EndGlobalSection
EndGlobal
